
Microsoft Visual Studio Solution File, Format Version 12.00
# Visual Studio Version 16
VisualStudioVersion = 16.0.31515.178
MinimumVisualStudioVersion = 10.0.40219.1
Project("{9A19103F-16F7-4668-BE54-9A1E7A4F7556}") = "ChatApp", "ChatApp\ChatApp.csproj", "{7DCF0D91-B8E2-48C7-99BB-55DD12FF4771}"
EndProject
Project("{9A19103F-16F7-4668-BE54-9A1E7A4F7556}") = "Capa_Datos", "Capa_Datos\Capa_Datos.csproj", "{7E5FFDAF-0797-412D-B647-B399BAA03275}"
	ProjectSection(ProjectDependencies) = postProject
		{3EF6D0B0-5957-4024-8EB3-A909C5B772DD} = {3EF6D0B0-5957-4024-8EB3-A909C5B772DD}
	EndProjectSection
EndProject
Project("{9A19103F-16F7-4668-BE54-9A1E7A4F7556}") = "Capa_Entidad", "Capa_Entidad\Capa_Entidad.csproj", "{3EF6D0B0-5957-4024-8EB3-A909C5B772DD}"
EndProject
Project("{9A19103F-16F7-4668-BE54-9A1E7A4F7556}") = "Capa_Negocio", "Capa_Negocio\Capa_Negocio.csproj", "{B56B85D7-EBBB-46B9-A316-A995B90B38C8}"
	ProjectSection(ProjectDependencies) = postProject
		{7E5FFDAF-0797-412D-B647-B399BAA03275} = {7E5FFDAF-0797-412D-B647-B399BAA03275}
	EndProjectSection
EndProject
Global
	GlobalSection(SolutionConfigurationPlatforms) = preSolution
		Debug|Any CPU = Debug|Any CPU
		Release|Any CPU = Release|Any CPU
	EndGlobalSection
	GlobalSection(ProjectConfigurationPlatforms) = postSolution
		{7DCF0D91-B8E2-48C7-99BB-55DD12FF4771}.Debug|Any CPU.ActiveCfg = Debug|Any CPU
		{7DCF0D91-B8E2-48C7-99BB-55DD12FF4771}.Debug|Any CPU.Build.0 = Debug|Any CPU
		{7DCF0D91-B8E2-48C7-99BB-55DD12FF4771}.Release|Any CPU.ActiveCfg = Release|Any CPU
		{7DCF0D91-B8E2-48C7-99BB-55DD12FF4771}.Release|Any CPU.Build.0 = Release|Any CPU
		{7E5FFDAF-0797-412D-B647-B399BAA03275}.Debug|Any CPU.ActiveCfg = Debug|Any CPU
		{7E5FFDAF-0797-412D-B647-B399BAA03275}.Debug|Any CPU.Build.0 = Debug|Any CPU
		{7E5FFDAF-0797-412D-B647-B399BAA03275}.Release|Any CPU.ActiveCfg = Release|Any CPU
		{7E5FFDAF-0797-412D-B647-B399BAA03275}.Release|Any CPU.Build.0 = Release|Any CPU
		{3EF6D0B0-5957-4024-8EB3-A909C5B772DD}.Debug|Any CPU.ActiveCfg = Debug|Any CPU
		{3EF6D0B0-5957-4024-8EB3-A909C5B772DD}.Debug|Any CPU.Build.0 = Debug|Any CPU
		{3EF6D0B0-5957-4024-8EB3-A909C5B772DD}.Release|Any CPU.ActiveCfg = Release|Any CPU
		{3EF6D0B0-5957-4024-8EB3-A909C5B772DD}.Release|Any CPU.Build.0 = Release|Any CPU
		{B56B85D7-EBBB-46B9-A316-A995B90B38C8}.Debug|Any CPU.ActiveCfg = Debug|Any CPU
		{B56B85D7-EBBB-46B9-A316-A995B90B38C8}.Debug|Any CPU.Build.0 = Debug|Any CPU
		{B56B85D7-EBBB-46B9-A316-A995B90B38C8}.Release|Any CPU.ActiveCfg = Release|Any CPU
		{B56B85D7-EBBB-46B9-A316-A995B90B38C8}.Release|Any CPU.Build.0 = Release|Any CPU
	EndGlobalSection
	GlobalSection(SolutionProperties) = preSolution
		HideSolutionNode = FALSE
	EndGlobalSection
	GlobalSection(ExtensibilityGlobals) = postSolution
		SolutionGuid = {1F6A7E74-D080-4322-8FE8-0324E4A2D3FA}
	EndGlobalSection
EndGlobal
